// !$*UTF8*$!
{
	archiveVersion = 1;
	classes = {
	};
	objectVersion = 50;
	objects = {

/* Begin PBXBuildFile section */
		B582B4CB2427C362001880FA /* main.m in Sources */ = {isa = PBXBuildFile; fileRef = B582B4CA2427C362001880FA /* main.m */; };
		B582B4DB2427C375001880FA /* CYPerson.m in Sources */ = {isa = PBXBuildFile; fileRef = B582B4D52427C375001880FA /* CYPerson.m */; };
		B582B4DC2427C375001880FA /* CYChineseCoder.m in Sources */ = {isa = PBXBuildFile; fileRef = B582B4D62427C375001880FA /* CYChineseCoder.m */; };
		B582B4DD2427C375001880FA /* CYPerson+Sports.m in Sources */ = {isa = PBXBuildFile; fileRef = B582B4D82427C375001880FA /* CYPerson+Sports.m */; };
		B582B4DE2427C375001880FA /* CYUSACoder.m in Sources */ = {isa = PBXBuildFile; fileRef = B582B4D92427C375001880FA /* CYUSACoder.m */; };
/* End PBXBuildFile section */

/* Begin PBXCopyFilesBuildPhase section */
		B582B4C52427C362001880FA /* CopyFiles */ = {
			isa = PBXCopyFilesBuildPhase;
			buildActionMask = 2147483647;
			dstPath = /usr/share/man/man1/;
			dstSubfolderSpec = 0;
			files = (
			);
			runOnlyForDeploymentPostprocessing = 1;
		};
/* End PBXCopyFilesBuildPhase section */

/* Begin PBXFileReference section */
		B582B4C72427C362001880FA /* CYCodeObjc */ = {isa = PBXFileReference; explicitFileType = "compiled.mach-o.executable"; includeInIndex = 0; path = CYCodeObjc; sourceTree = BUILT_PRODUCTS_DIR; };
		B582B4CA2427C362001880FA /* main.m */ = {isa = PBXFileReference; lastKnownFileType = sourcecode.c.objc; path = main.m; sourceTree = "<group>"; };
		B582B4D12427C375001880FA /* CYChineseCoder.h */ = {isa = PBXFileReference; fileEncoding = 4; lastKnownFileType = sourcecode.c.h; path = CYChineseCoder.h; sourceTree = "<group>"; };
		B582B4D22427C375001880FA /* CYPerson+Sports.h */ = {isa = PBXFileReference; fileEncoding = 4; lastKnownFileType = sourcecode.c.h; path = "CYPerson+Sports.h"; sourceTree = "<group>"; };
		B582B4D32427C375001880FA /* CYCoderProtocol.h */ = {isa = PBXFileReference; fileEncoding = 4; lastKnownFileType = sourcecode.c.h; path = CYCoderProtocol.h; sourceTree = "<group>"; };
		B582B4D42427C375001880FA /* CYUSACoder.h */ = {isa = PBXFileReference; fileEncoding = 4; lastKnownFileType = sourcecode.c.h; path = CYUSACoder.h; sourceTree = "<group>"; };
		B582B4D52427C375001880FA /* CYPerson.m */ = {isa = PBXFileReference; fileEncoding = 4; lastKnownFileType = sourcecode.c.objc; path = CYPerson.m; sourceTree = "<group>"; };
		B582B4D62427C375001880FA /* CYChineseCoder.m */ = {isa = PBXFileReference; fileEncoding = 4; lastKnownFileType = sourcecode.c.objc; path = CYChineseCoder.m; sourceTree = "<group>"; };
		B582B4D72427C375001880FA /* CYChinaCoderDelegate.h */ = {isa = PBXFileReference; fileEncoding = 4; lastKnownFileType = sourcecode.c.h; path = CYChinaCoderDelegate.h; sourceTree = "<group>"; };
		B582B4D82427C375001880FA /* CYPerson+Sports.m */ = {isa = PBXFileReference; fileEncoding = 4; lastKnownFileType = sourcecode.c.objc; path = "CYPerson+Sports.m"; sourceTree = "<group>"; };
		B582B4D92427C375001880FA /* CYUSACoder.m */ = {isa = PBXFileReference; fileEncoding = 4; lastKnownFileType = sourcecode.c.objc; path = CYUSACoder.m; sourceTree = "<group>"; };
		B582B4DA2427C375001880FA /* CYPerson.h */ = {isa = PBXFileReference; fileEncoding = 4; lastKnownFileType = sourcecode.c.h; path = CYPerson.h; sourceTree = "<group>"; };
/* End PBXFileReference section */

/* Begin PBXFrameworksBuildPhase section */
		B582B4C42427C362001880FA /* Frameworks */ = {
			isa = PBXFrameworksBuildPhase;
			buildActionMask = 2147483647;
			files = (
			);
			runOnlyForDeploymentPostprocessing = 0;
		};
/* End PBXFrameworksBuildPhase section */

/* Begin PBXGroup section */
		B582B4BE2427C362001880FA = {
			isa = PBXGroup;
			children = (
				B582B4C92427C362001880FA /* CYCodeObjc */,
				B582B4C82427C362001880FA /* Products */,
			);
			sourceTree = "<group>";
		};
		B582B4C82427C362001880FA /* Products */ = {
			isa = PBXGroup;
			children = (
				B582B4C72427C362001880FA /* CYCodeObjc */,
			);
			name = Products;
			sourceTree = "<group>";
		};
		B582B4C92427C362001880FA /* CYCodeObjc */ = {
			isa = PBXGroup;
			children = (
				B582B4D72427C375001880FA /* CYChinaCoderDelegate.h */,
				B582B4D12427C375001880FA /* CYChineseCoder.h */,
				B582B4D62427C375001880FA /* CYChineseCoder.m */,
				B582B4D32427C375001880FA /* CYCoderProtocol.h */,
				B582B4DA2427C375001880FA /* CYPerson.h */,
				B582B4D52427C375001880FA /* CYPerson.m */,
				B582B4D22427C375001880FA /* CYPerson+Sports.h */,
				B582B4D82427C375001880FA /* CYPerson+Sports.m */,
				B582B4D42427C375001880FA /* CYUSACoder.h */,
				B582B4D92427C375001880FA /* CYUSACoder.m */,
				B582B4CA2427C362001880FA /* main.m */,
			);
			path = CYCodeObjc;
			sourceTree = "<group>";
		};
/* End PBXGroup section */

/* Begin PBXNativeTarget section */
		B582B4C62427C362001880FA /* CYCodeObjc */ = {
			isa = PBXNativeTarget;
			buildConfigurationList = B582B4CE2427C362001880FA /* Build configuration list for PBXNativeTarget "CYCodeObjc" */;
			buildPhases = (
				B582B4C32427C362001880FA /* Sources */,
				B582B4C42427C362001880FA /* Frameworks */,
				B582B4C52427C362001880FA /* CopyFiles */,
			);
			buildRules = (
			);
			dependencies = (
			);
			name = CYCodeObjc;
			productName = CYCodeObjc;
			productReference = B582B4C72427C362001880FA /* CYCodeObjc */;
			productType = "com.apple.product-type.tool";
		};
/* End PBXNativeTarget section */

/* Begin PBXProject section */
		B582B4BF2427C362001880FA /* Project object */ = {
			isa = PBXProject;
			attributes = {
				LastUpgradeCheck = 1130;
				ORGANIZATIONNAME = carson;
				TargetAttributes = {
					B582B4C62427C362001880FA = {
						CreatedOnToolsVersion = 11.3.1;
					};
				};
			};
			buildConfigurationList = B582B4C22427C362001880FA /* Build configuration list for PBXProject "CYCodeObjc" */;
			compatibilityVersion = "Xcode 9.3";
			developmentRegion = en;
			hasScannedForEncodings = 0;
			knownRegions = (
				en,
				Base,
			);
			mainGroup = B582B4BE2427C362001880FA;
			productRefGroup = B582B4C82427C362001880FA /* Products */;
			projectDirPath = "";
			projectRoot = "";
			targets = (
				B582B4C62427C362001880FA /* CYCodeObjc */,
			);
		};
/* End PBXProject section */

/* Begin PBXSourcesBuildPhase section */
		B582B4C32427C362001880FA /* Sources */ = {
			isa = PBXSourcesBuildPhase;
			buildActionMask = 2147483647;
			files = (
				B582B4DB2427C375001880FA /* CYPerson.m in Sources */,
				B582B4DC2427C375001880FA /* CYChineseCoder.m in Sources */,
				B582B4DE2427C375001880FA /* CYUSACoder.m in Sources */,
				B582B4CB2427C362001880FA /* main.m in Sources */,
				B582B4DD2427C375001880FA /* CYPerson+Sports.m in Sources */,
			);
			runOnlyForDeploymentPostprocessing = 0;
		};
/* End PBXSourcesBuildPhase section */

/* Begin XCBuildConfiguration section */
		B582B4CC2427C362001880FA /* Debug */ = {
			isa = XCBuildConfiguration;
			buildSettings = {
				ALWAYS_SEARCH_USER_PATHS = NO;
				CLANG_ANALYZER_NONNULL = YES;
				CLANG_ANALYZER_NUMBER_OBJECT_CONVERSION = YES_AGGRESSIVE;
				CLANG_CXX_LANGUAGE_STANDARD = "gnu++14";
				CLANG_CXX_LIBRARY = "libc++";
				CLANG_ENABLE_MODULES = YES;
				CLANG_ENABLE_OBJC_ARC = YES;
				CLANG_ENABLE_OBJC_WEAK = YES;
				CLANG_WARN_BLOCK_CAPTURE_AUTORELEASING = YES;
				CLANG_WARN_BOOL_CONVERSION = YES;
				CLANG_WARN_COMMA = YES;
				CLANG_WARN_CONSTANT_CONVERSION = YES;
				CLANG_WARN_DEPRECATED_OBJC_IMPLEMENTATIONS = YES;
				CLANG_WARN_DIRECT_OBJC_ISA_USAGE = YES_ERROR;
				CLANG_WARN_DOCUMENTATION_COMMENTS = YES;
				CLANG_WARN_EMPTY_BODY = YES;
				CLANG_WARN_ENUM_CONVERSION = YES;
				CLANG_WARN_INFINITE_RECURSION = YES;
				CLANG_WARN_INT_CONVERSION = YES;
				CLANG_WARN_NON_LITERAL_NULL_CONVERSION = YES;
				CLANG_WARN_OBJC_IMPLICIT_RETAIN_SELF = YES;
				CLANG_WARN_OBJC_LITERAL_CONVERSION = YES;
				CLANG_WARN_OBJC_ROOT_CLASS = YES_ERROR;
				CLANG_WARN_RANGE_LOOP_ANALYSIS = YES;
				CLANG_WARN_STRICT_PROTOTYPES = YES;
				CLANG_WARN_SUSPICIOUS_MOVE = YES;
				CLANG_WARN_UNGUARDED_AVAILABILITY = YES_AGGRESSIVE;
				CLANG_WARN_UNREACHABLE_CODE = YES;
				CLANG_WARN__DUPLICATE_METHOD_MATCH = YES;
				COPY_PHASE_STRIP = NO;
				DEBUG_INFORMATION_FORMAT = dwarf;
				ENABLE_STRICT_OBJC_MSGSEND = YES;
				ENABLE_TESTABILITY = YES;
				GCC_C_LANGUAGE_STANDARD = gnu11;
				GCC_DYNAMIC_NO_PIC = NO;
				GCC_NO_COMMON_BLOCKS = YES;
				GCC_OPTIMIZATION_LEVEL = 0;
				GCC_PREPROCESSOR_DEFINITIONS = (
					"DEBUG=1",
					"$(inherited)",
				);
				GCC_WARN_64_TO_32_BIT_CONVERSION = YES;
				GCC_WARN_ABOUT_RETURN_TYPE = YES_ERROR;
				GCC_WARN_UNDECLARED_SELECTOR = YES;
				GCC_WARN_UNINITIALIZED_AUTOS = YES_AGGRESSIVE;
				GCC_WARN_UNUSED_FUNCTION = YES;
				GCC_WARN_UNUSED_VARIABLE = YES;
				MACOSX_DEPLOYMENT_TARGET = 10.15;
				MTL_ENABLE_DEBUG_INFO = INCLUDE_SOURCE;
				MTL_FAST_MATH = YES;
				ONLY_ACTIVE_ARCH = YES;
				SDKROOT = macosx;
			};
			name = Debug;
		};
		B582B4CD2427C362001880FA /* Release */ = {
			isa = XCBuildConfiguration;
			buildSettings = {
				ALWAYS_SEARCH_USER_PATHS = NO;
				CLANG_ANALYZER_NONNULL = YES;
				CLANG_ANALYZER_NUMBER_OBJECT_CONVERSION = YES_AGGRESSIVE;
				CLANG_CXX_LANGUAGE_STANDARD = "gnu++14";
				CLANG_CXX_LIBRARY = "libc++";
				CLANG_ENABLE_MODULES = YES;
				CLANG_ENABLE_OBJC_ARC = YES;
				CLANG_ENABLE_OBJC_WEAK = YES;
				CLANG_WARN_BLOCK_CAPTURE_AUTORELEASING = YES;
				CLANG_WARN_BOOL_CONVERSION = YES;
				CLANG_WARN_COMMA = YES;
				CLANG_WARN_CONSTANT_CONVERSION = YES;
				CLANG_WARN_DEPRECATED_OBJC_IMPLEMENTATIONS = YES;
				CLANG_WARN_DIRECT_OBJC_ISA_USAGE = YES_ERROR;
				CLANG_WARN_DOCUMENTATION_COMMENTS = YES;
				CLANG_WARN_EMPTY_BODY = YES;
				CLANG_WARN_ENUM_CONVERSION = YES;
				CLANG_WARN_INFINITE_RECURSION = YES;
				CLANG_WARN_INT_CONVERSION = YES;
				CLANG_WARN_NON_LITERAL_NULL_CONVERSION = YES;
				CLANG_WARN_OBJC_IMPLICIT_RETAIN_SELF = YES;
				CLANG_WARN_OBJC_LITERAL_CONVERSION = YES;
				CLANG_WARN_OBJC_ROOT_CLASS = YES_ERROR;
				CLANG_WARN_RANGE_LOOP_ANALYSIS = YES;
				CLANG_WARN_STRICT_PROTOTYPES = YES;
				CLANG_WARN_SUSPICIOUS_MOVE = YES;
				CLANG_WARN_UNGUARDED_AVAILABILITY = YES_AGGRESSIVE;
				CLANG_WARN_UNREACHABLE_CODE = YES;
				CLANG_WARN__DUPLICATE_METHOD_MATCH = YES;
				COPY_PHASE_STRIP = NO;
				DEBUG_INFORMATION_FORMAT = "dwarf-with-dsym";
				ENABLE_NS_ASSERTIONS = NO;
				ENABLE_STRICT_OBJC_MSGSEND = YES;
				GCC_C_LANGUAGE_STANDARD = gnu11;
				GCC_NO_COMMON_BLOCKS = YES;
				GCC_WARN_64_TO_32_BIT_CONVERSION = YES;
				GCC_WARN_ABOUT_RETURN_TYPE = YES_ERROR;
				GCC_WARN_UNDECLARED_SELECTOR = YES;
				GCC_WARN_UNINITIALIZED_AUTOS = YES_AGGRESSIVE;
				GCC_WARN_UNUSED_FUNCTION = YES;
				GCC_WARN_UNUSED_VARIABLE = YES;
				MACOSX_DEPLOYMENT_TARGET = 10.15;
				MTL_ENABLE_DEBUG_INFO = NO;
				MTL_FAST_MATH = YES;
				SDKROOT = macosx;
			};
			name = Release;
		};
		B582B4CF2427C362001880FA /* Debug */ = {
			isa = XCBuildConfiguration;
			buildSettings = {
				CODE_SIGN_STYLE = Automatic;
				PRODUCT_NAME = "$(TARGET_NAME)";
			};
			name = Debug;
		};
		B582B4D02427C362001880FA /* Release */ = {
			isa = XCBuildConfiguration;
			buildSettings = {
				CODE_SIGN_STYLE = Automatic;
				PRODUCT_NAME = "$(TARGET_NAME)";
			};
			name = Release;
		};
/* End XCBuildConfiguration section */

/* Begin XCConfigurationList section */
		B582B4C22427C362001880FA /* Build configuration list for PBXProject "CYCodeObjc" */ = {
			isa = XCConfigurationList;
			buildConfigurations = (
				B582B4CC2427C362001880FA /* Debug */,
				B582B4CD2427C362001880FA /* Release */,
			);
			defaultConfigurationIsVisible = 0;
			defaultConfigurationName = Release;
		};
		B582B4CE2427C362001880FA /* Build configuration list for PBXNativeTarget "CYCodeObjc" */ = {
			isa = XCConfigurationList;
			buildConfigurations = (
				B582B4CF2427C362001880FA /* Debug */,
				B582B4D02427C362001880FA /* Release */,
			);
			defaultConfigurationIsVisible = 0;
			defaultConfigurationName = Release;
		};
/* End XCConfigurationList section */
	};
	rootObject = B582B4BF2427C362001880FA /* Project object */;
}
